// !$*UTF8*$!
{
	archiveVersion = 1;
	classes = {
	};
	objectVersion = 56;
	objects = {

/* Begin PBXBuildFile section */
		401AD0E32A563BBE0026E9DA /* ChatMessageCell.swift in Sources */ = {isa = PBXBuildFile; fileRef = 401AD0E22A563BBE0026E9DA /* ChatMessageCell.swift */; };
		401AD0E52A563E5C0026E9DA /* ChatBubble.swift in Sources */ = {isa = PBXBuildFile; fileRef = 401AD0E42A563E5C0026E9DA /* ChatBubble.swift */; };
		402249D32A4F6FD000AEA449 /* RegistrationView.swift in Sources */ = {isa = PBXBuildFile; fileRef = 402249D22A4F6FD000AEA449 /* RegistrationView.swift */; };
		402249D62A4F71D200AEA449 /* InboxView.swift in Sources */ = {isa = PBXBuildFile; fileRef = 402249D52A4F71D200AEA449 /* InboxView.swift */; };
		402249D92A4F72DE00AEA449 /* ActiveNowView.swift in Sources */ = {isa = PBXBuildFile; fileRef = 402249D82A4F72DE00AEA449 /* ActiveNowView.swift */; };
		402249DB2A4F746F00AEA449 /* InboxRowView.swift in Sources */ = {isa = PBXBuildFile; fileRef = 402249DA2A4F746F00AEA449 /* InboxRowView.swift */; };
		402249DE2A4F791300AEA449 /* NewMessageView.swift in Sources */ = {isa = PBXBuildFile; fileRef = 402249DD2A4F791300AEA449 /* NewMessageView.swift */; };
		4022E5462A64879900A57133 /* GoogleService-Info.plist in Resources */ = {isa = PBXBuildFile; fileRef = 4022E5452A64879900A57133 /* GoogleService-Info.plist */; };
		4022E5492A64888900A57133 /* FirebaseAuth in Frameworks */ = {isa = PBXBuildFile; productRef = 4022E5482A64888900A57133 /* FirebaseAuth */; };
		4022E54B2A64888900A57133 /* FirebaseFirestore in Frameworks */ = {isa = PBXBuildFile; productRef = 4022E54A2A64888900A57133 /* FirebaseFirestore */; };
		4022E54D2A64888900A57133 /* FirebaseFirestoreSwift in Frameworks */ = {isa = PBXBuildFile; productRef = 4022E54C2A64888900A57133 /* FirebaseFirestoreSwift */; };
		4022E54F2A64888900A57133 /* FirebaseStorage in Frameworks */ = {isa = PBXBuildFile; productRef = 4022E54E2A64888900A57133 /* FirebaseStorage */; };
		4022E5532A648A3F00A57133 /* LoginViewModel.swift in Sources */ = {isa = PBXBuildFile; fileRef = 4022E5522A648A3F00A57133 /* LoginViewModel.swift */; };
		4022E5552A648A5F00A57133 /* RegistrationViewModel.swift in Sources */ = {isa = PBXBuildFile; fileRef = 4022E5542A648A5F00A57133 /* RegistrationViewModel.swift */; };
		4022E5572A648A7F00A57133 /* AuthService.swift in Sources */ = {isa = PBXBuildFile; fileRef = 4022E5562A648A7F00A57133 /* AuthService.swift */; };
		4022E55B2A64DE0500A57133 /* ContentViewModel.swift in Sources */ = {isa = PBXBuildFile; fileRef = 4022E55A2A64DE0500A57133 /* ContentViewModel.swift */; };
		404B70EA2A52219F007750CC /* ProfileView.swift in Sources */ = {isa = PBXBuildFile; fileRef = 404B70E92A52219F007750CC /* ProfileView.swift */; };
		404B70EC2A5222DA007750CC /* SettingsOptionsViewModel.swift in Sources */ = {isa = PBXBuildFile; fileRef = 404B70EB2A5222DA007750CC /* SettingsOptionsViewModel.swift */; };
		404B70EE2A522770007750CC /* ProfileViewModel.swift in Sources */ = {isa = PBXBuildFile; fileRef = 404B70ED2A522770007750CC /* ProfileViewModel.swift */; };
		404B70F42A52327D007750CC /* User.swift in Sources */ = {isa = PBXBuildFile; fileRef = 404B70F32A52327D007750CC /* User.swift */; };
		404B70F92A55F11D007750CC /* CircularProfileImageView.swift in Sources */ = {isa = PBXBuildFile; fileRef = 404B70F82A55F11D007750CC /* CircularProfileImageView.swift */; };
		404B70FC2A55F766007750CC /* ChatView.swift in Sources */ = {isa = PBXBuildFile; fileRef = 404B70FB2A55F765007750CC /* ChatView.swift */; };
		4069843C2A7C8F6700DFB122 /* ChatService.swift in Sources */ = {isa = PBXBuildFile; fileRef = 4069843B2A7C8F6700DFB122 /* ChatService.swift */; };
		4069843F2A7C90B300DFB122 /* Constans.swift in Sources */ = {isa = PBXBuildFile; fileRef = 4069843E2A7C90B300DFB122 /* Constans.swift */; };
		406984422A8038C200DFB122 /* InboxService.swift in Sources */ = {isa = PBXBuildFile; fileRef = 406984412A8038C200DFB122 /* InboxService.swift */; };
		407584F02A4F642700B20AEA /* FacebookMessengerApp.swift in Sources */ = {isa = PBXBuildFile; fileRef = 407584EF2A4F642700B20AEA /* FacebookMessengerApp.swift */; };
		407584F22A4F642700B20AEA /* ContentView.swift in Sources */ = {isa = PBXBuildFile; fileRef = 407584F12A4F642700B20AEA /* ContentView.swift */; };
		407584F42A4F642800B20AEA /* Assets.xcassets in Resources */ = {isa = PBXBuildFile; fileRef = 407584F32A4F642800B20AEA /* Assets.xcassets */; };
		407584F72A4F642800B20AEA /* Preview Assets.xcassets in Resources */ = {isa = PBXBuildFile; fileRef = 407584F62A4F642800B20AEA /* Preview Assets.xcassets */; };
		407585062A4F652A00B20AEA /* LoginView.swift in Sources */ = {isa = PBXBuildFile; fileRef = 407585052A4F652A00B20AEA /* LoginView.swift */; };
		40A27CE92A7315940090E5FE /* InboxViewModel.swift in Sources */ = {isa = PBXBuildFile; fileRef = 40A27CE82A7315940090E5FE /* InboxViewModel.swift */; };
		40A27CED2A731E6B0090E5FE /* NewMessageViewModel.swift in Sources */ = {isa = PBXBuildFile; fileRef = 40A27CEC2A731E6B0090E5FE /* NewMessageViewModel.swift */; };
		40A27CEF2A7443E60090E5FE /* Message.swift in Sources */ = {isa = PBXBuildFile; fileRef = 40A27CEE2A7443E60090E5FE /* Message.swift */; };
		40A27CF12A7445830090E5FE /* MessageService.swift in Sources */ = {isa = PBXBuildFile; fileRef = 40A27CF02A7445830090E5FE /* MessageService.swift */; };
		40A27CF52A7448C90090E5FE /* ChatViewModel.swift in Sources */ = {isa = PBXBuildFile; fileRef = 40A27CF42A7448C90090E5FE /* ChatViewModel.swift */; };
		40E6FE402A6615DD008CC380 /* UserServise.swift in Sources */ = {isa = PBXBuildFile; fileRef = 40E6FE3F2A6615DD008CC380 /* UserServise.swift */; };
/* End PBXBuildFile section */

/* Begin PBXFileReference section */
		401AD0E22A563BBE0026E9DA /* ChatMessageCell.swift */ = {isa = PBXFileReference; lastKnownFileType = sourcecode.swift; path = ChatMessageCell.swift; sourceTree = "<group>"; };
		401AD0E42A563E5C0026E9DA /* ChatBubble.swift */ = {isa = PBXFileReference; lastKnownFileType = sourcecode.swift; path = ChatBubble.swift; sourceTree = "<group>"; };
		402249D22A4F6FD000AEA449 /* RegistrationView.swift */ = {isa = PBXFileReference; lastKnownFileType = sourcecode.swift; path = RegistrationView.swift; sourceTree = "<group>"; };
		402249D52A4F71D200AEA449 /* InboxView.swift */ = {isa = PBXFileReference; lastKnownFileType = sourcecode.swift; path = InboxView.swift; sourceTree = "<group>"; };
		402249D82A4F72DE00AEA449 /* ActiveNowView.swift */ = {isa = PBXFileReference; lastKnownFileType = sourcecode.swift; path = ActiveNowView.swift; sourceTree = "<group>"; };
		402249DA2A4F746F00AEA449 /* InboxRowView.swift */ = {isa = PBXFileReference; lastKnownFileType = sourcecode.swift; path = InboxRowView.swift; sourceTree = "<group>"; };
		402249DD2A4F791300AEA449 /* NewMessageView.swift */ = {isa = PBXFileReference; lastKnownFileType = sourcecode.swift; path = NewMessageView.swift; sourceTree = "<group>"; };
		4022E5452A64879900A57133 /* GoogleService-Info.plist */ = {isa = PBXFileReference; fileEncoding = 4; lastKnownFileType = text.plist.xml; path = "GoogleService-Info.plist"; sourceTree = "<group>"; };
		4022E5522A648A3F00A57133 /* LoginViewModel.swift */ = {isa = PBXFileReference; lastKnownFileType = sourcecode.swift; path = LoginViewModel.swift; sourceTree = "<group>"; };
		4022E5542A648A5F00A57133 /* RegistrationViewModel.swift */ = {isa = PBXFileReference; lastKnownFileType = sourcecode.swift; path = RegistrationViewModel.swift; sourceTree = "<group>"; };
		4022E5562A648A7F00A57133 /* AuthService.swift */ = {isa = PBXFileReference; lastKnownFileType = sourcecode.swift; path = AuthService.swift; sourceTree = "<group>"; };
		4022E55A2A64DE0500A57133 /* ContentViewModel.swift */ = {isa = PBXFileReference; lastKnownFileType = sourcecode.swift; path = ContentViewModel.swift; sourceTree = "<group>"; };
		404B70E92A52219F007750CC /* ProfileView.swift */ = {isa = PBXFileReference; lastKnownFileType = sourcecode.swift; path = ProfileView.swift; sourceTree = "<group>"; };
		404B70EB2A5222DA007750CC /* SettingsOptionsViewModel.swift */ = {isa = PBXFileReference; lastKnownFileType = sourcecode.swift; path = SettingsOptionsViewModel.swift; sourceTree = "<group>"; };
		404B70ED2A522770007750CC /* ProfileViewModel.swift */ = {isa = PBXFileReference; lastKnownFileType = sourcecode.swift; path = ProfileViewModel.swift; sourceTree = "<group>"; };
		404B70F32A52327D007750CC /* User.swift */ = {isa = PBXFileReference; lastKnownFileType = sourcecode.swift; path = User.swift; sourceTree = "<group>"; };
		404B70F82A55F11D007750CC /* CircularProfileImageView.swift */ = {isa = PBXFileReference; lastKnownFileType = sourcecode.swift; path = CircularProfileImageView.swift; sourceTree = "<group>"; };
		404B70FB2A55F765007750CC /* ChatView.swift */ = {isa = PBXFileReference; lastKnownFileType = sourcecode.swift; path = ChatView.swift; sourceTree = "<group>"; };
		4069843B2A7C8F6700DFB122 /* ChatService.swift */ = {isa = PBXFileReference; lastKnownFileType = sourcecode.swift; path = ChatService.swift; sourceTree = "<group>"; };
		4069843E2A7C90B300DFB122 /* Constans.swift */ = {isa = PBXFileReference; lastKnownFileType = sourcecode.swift; path = Constans.swift; sourceTree = "<group>"; };
		406984412A8038C200DFB122 /* InboxService.swift */ = {isa = PBXFileReference; lastKnownFileType = sourcecode.swift; path = InboxService.swift; sourceTree = "<group>"; };
		407584EC2A4F642700B20AEA /* FacebookMessenger.app */ = {isa = PBXFileReference; explicitFileType = wrapper.application; includeInIndex = 0; path = FacebookMessenger.app; sourceTree = BUILT_PRODUCTS_DIR; };
		407584EF2A4F642700B20AEA /* FacebookMessengerApp.swift */ = {isa = PBXFileReference; lastKnownFileType = sourcecode.swift; path = FacebookMessengerApp.swift; sourceTree = "<group>"; };
		407584F12A4F642700B20AEA /* ContentView.swift */ = {isa = PBXFileReference; lastKnownFileType = sourcecode.swift; path = ContentView.swift; sourceTree = "<group>"; };
		407584F32A4F642800B20AEA /* Assets.xcassets */ = {isa = PBXFileReference; lastKnownFileType = folder.assetcatalog; path = Assets.xcassets; sourceTree = "<group>"; };
		407584F62A4F642800B20AEA /* Preview Assets.xcassets */ = {isa = PBXFileReference; lastKnownFileType = folder.assetcatalog; path = "Preview Assets.xcassets"; sourceTree = "<group>"; };
		407585052A4F652A00B20AEA /* LoginView.swift */ = {isa = PBXFileReference; lastKnownFileType = sourcecode.swift; path = LoginView.swift; sourceTree = "<group>"; };
		40A27CE82A7315940090E5FE /* InboxViewModel.swift */ = {isa = PBXFileReference; lastKnownFileType = sourcecode.swift; path = InboxViewModel.swift; sourceTree = "<group>"; };
		40A27CEC2A731E6B0090E5FE /* NewMessageViewModel.swift */ = {isa = PBXFileReference; lastKnownFileType = sourcecode.swift; path = NewMessageViewModel.swift; sourceTree = "<group>"; };
		40A27CEE2A7443E60090E5FE /* Message.swift */ = {isa = PBXFileReference; lastKnownFileType = sourcecode.swift; path = Message.swift; sourceTree = "<group>"; };
		40A27CF02A7445830090E5FE /* MessageService.swift */ = {isa = PBXFileReference; lastKnownFileType = sourcecode.swift; path = MessageService.swift; sourceTree = "<group>"; };
		40A27CF42A7448C90090E5FE /* ChatViewModel.swift */ = {isa = PBXFileReference; lastKnownFileType = sourcecode.swift; path = ChatViewModel.swift; sourceTree = "<group>"; };
		40E6FE3F2A6615DD008CC380 /* UserServise.swift */ = {isa = PBXFileReference; lastKnownFileType = sourcecode.swift; path = UserServise.swift; sourceTree = "<group>"; };
/* End PBXFileReference section */

/* Begin PBXFrameworksBuildPhase section */
		407584E92A4F642700B20AEA /* Frameworks */ = {
			isa = PBXFrameworksBuildPhase;
			buildActionMask = 2147483647;
			files = (
				4022E5492A64888900A57133 /* FirebaseAuth in Frameworks */,
				4022E54F2A64888900A57133 /* FirebaseStorage in Frameworks */,
				4022E54B2A64888900A57133 /* FirebaseFirestore in Frameworks */,
				4022E54D2A64888900A57133 /* FirebaseFirestoreSwift in Frameworks */,
			);
			runOnlyForDeploymentPostprocessing = 0;
		};
/* End PBXFrameworksBuildPhase section */

/* Begin PBXGroup section */
		402249D42A4F71BB00AEA449 /* Inbox */ = {
			isa = PBXGroup;
			children = (
				406984402A8038B400DFB122 /* Service */,
				40A27CE72A73156F0090E5FE /* Views */,
				40A27CE62A73156C0090E5FE /* ViewModel */,
			);
			path = Inbox;
			sourceTree = "<group>";
		};
		402249D72A4F72D000AEA449 /* ActiveNow */ = {
			isa = PBXGroup;
			children = (
				402249D82A4F72DE00AEA449 /* ActiveNowView.swift */,
			);
			path = ActiveNow;
			sourceTree = "<group>";
		};
		402249DC2A4F78E100AEA449 /* NewMessage */ = {
			isa = PBXGroup;
			children = (
				40A27CEB2A731E4F0090E5FE /* Views */,
				40A27CEA2A731E4C0090E5FE /* ViewModels */,
			);
			path = NewMessage;
			sourceTree = "<group>";
		};
		4022E5502A648A1C00A57133 /* ViewModels */ = {
			isa = PBXGroup;
			children = (
				4022E5522A648A3F00A57133 /* LoginViewModel.swift */,
				4022E5542A648A5F00A57133 /* RegistrationViewModel.swift */,
			);
			path = ViewModels;
			sourceTree = "<group>";
		};
		4022E5512A648A1F00A57133 /* Service */ = {
			isa = PBXGroup;
			children = (
				4022E5562A648A7F00A57133 /* AuthService.swift */,
			);
			path = Service;
			sourceTree = "<group>";
		};
		4022E5582A64DDD900A57133 /* ViewModel */ = {
			isa = PBXGroup;
			children = (
				4022E55A2A64DE0500A57133 /* ContentViewModel.swift */,
			);
			path = ViewModel;
			sourceTree = "<group>";
		};
		4022E5592A64DDDB00A57133 /* View */ = {
			isa = PBXGroup;
			children = (
				407584F12A4F642700B20AEA /* ContentView.swift */,
			);
			path = View;
			sourceTree = "<group>";
		};
		404B70E62A522177007750CC /* Profile */ = {
			isa = PBXGroup;
			children = (
				404B70E82A522193007750CC /* ViewModel */,
				404B70E72A52218B007750CC /* View */,
			);
			path = Profile;
			sourceTree = "<group>";
		};
		404B70E72A52218B007750CC /* View */ = {
			isa = PBXGroup;
			children = (
				404B70E92A52219F007750CC /* ProfileView.swift */,
			);
			path = View;
			sourceTree = "<group>";
		};
		404B70E82A522193007750CC /* ViewModel */ = {
			isa = PBXGroup;
			children = (
				404B70EB2A5222DA007750CC /* SettingsOptionsViewModel.swift */,
				404B70ED2A522770007750CC /* ProfileViewModel.swift */,
			);
			path = ViewModel;
			sourceTree = "<group>";
		};
		404B70F72A55F0FE007750CC /* Components */ = {
			isa = PBXGroup;
			children = (
				404B70F82A55F11D007750CC /* CircularProfileImageView.swift */,
			);
			path = Components;
			sourceTree = "<group>";
		};
		404B70FA2A55F757007750CC /* Chat */ = {
			isa = PBXGroup;
			children = (
				4069843A2A7C8F5800DFB122 /* Service */,
				40A27CF32A7448A90090E5FE /* View */,
				40A27CF22A7448A60090E5FE /* ViewModel */,
			);
			path = Chat;
			sourceTree = "<group>";
		};
		4069843A2A7C8F5800DFB122 /* Service */ = {
			isa = PBXGroup;
			children = (
				4069843B2A7C8F6700DFB122 /* ChatService.swift */,
			);
			path = Service;
			sourceTree = "<group>";
		};
		4069843D2A7C908F00DFB122 /* Utils */ = {
			isa = PBXGroup;
			children = (
				4069843E2A7C90B300DFB122 /* Constans.swift */,
			);
			path = Utils;
			sourceTree = "<group>";
		};
		406984402A8038B400DFB122 /* Service */ = {
			isa = PBXGroup;
			children = (
				406984412A8038C200DFB122 /* InboxService.swift */,
			);
			path = Service;
			sourceTree = "<group>";
		};
		407584E32A4F642700B20AEA = {
			isa = PBXGroup;
			children = (
				407584EE2A4F642700B20AEA /* FacebookMessenger */,
				407584ED2A4F642700B20AEA /* Products */,
			);
			sourceTree = "<group>";
		};
		407584ED2A4F642700B20AEA /* Products */ = {
			isa = PBXGroup;
			children = (
				407584EC2A4F642700B20AEA /* FacebookMessenger.app */,
			);
			name = Products;
			sourceTree = "<group>";
		};
		407584EE2A4F642700B20AEA /* FacebookMessenger */ = {
			isa = PBXGroup;
			children = (
				407585012A4F64CE00B20AEA /* App */,
				407585002A4F64CB00B20AEA /* Core */,
				407584FF2A4F64C700B20AEA /* Model */,
				407584FE2A4F64C500B20AEA /* Service */,
				4069843D2A7C908F00DFB122 /* Utils */,
				407584FD2A4F64C200B20AEA /* Extensions */,
				407584F32A4F642800B20AEA /* Assets.xcassets */,
				4022E5452A64879900A57133 /* GoogleService-Info.plist */,
				407584F52A4F642800B20AEA /* Preview Content */,
			);
			path = FacebookMessenger;
			sourceTree = "<group>";
		};
		407584F52A4F642800B20AEA /* Preview Content */ = {
			isa = PBXGroup;
			children = (
				407584F62A4F642800B20AEA /* Preview Assets.xcassets */,
			);
			path = "Preview Content";
			sourceTree = "<group>";
		};
		407584FD2A4F64C200B20AEA /* Extensions */ = {
			isa = PBXGroup;
			children = (
			);
			path = Extensions;
			sourceTree = "<group>";
		};
		407584FE2A4F64C500B20AEA /* Service */ = {
			isa = PBXGroup;
			children = (
				40E6FE3F2A6615DD008CC380 /* UserServise.swift */,
				40A27CF02A7445830090E5FE /* MessageService.swift */,
			);
			path = Service;
			sourceTree = "<group>";
		};
		407584FF2A4F64C700B20AEA /* Model */ = {
			isa = PBXGroup;
			children = (
				404B70F32A52327D007750CC /* User.swift */,
				40A27CEE2A7443E60090E5FE /* Message.swift */,
			);
			path = Model;
			sourceTree = "<group>";
		};
		407585002A4F64CB00B20AEA /* Core */ = {
			isa = PBXGroup;
			children = (
				404B70FA2A55F757007750CC /* Chat */,
				404B70F72A55F0FE007750CC /* Components */,
				404B70E62A522177007750CC /* Profile */,
				407585022A4F64F700B20AEA /* Authentication */,
				402249D72A4F72D000AEA449 /* ActiveNow */,
				402249DC2A4F78E100AEA449 /* NewMessage */,
				402249D42A4F71BB00AEA449 /* Inbox */,
				407585032A4F650300B20AEA /* Root */,
			);
			path = Core;
			sourceTree = "<group>";
		};
		407585012A4F64CE00B20AEA /* App */ = {
			isa = PBXGroup;
			children = (
				407584EF2A4F642700B20AEA /* FacebookMessengerApp.swift */,
			);
			path = App;
			sourceTree = "<group>";
		};
		407585022A4F64F700B20AEA /* Authentication */ = {
			isa = PBXGroup;
			children = (
				4022E5512A648A1F00A57133 /* Service */,
				4022E5502A648A1C00A57133 /* ViewModels */,
				407585042A4F651A00B20AEA /* View */,
			);
			path = Authentication;
			sourceTree = "<group>";
		};
		407585032A4F650300B20AEA /* Root */ = {
			isa = PBXGroup;
			children = (
				4022E5592A64DDDB00A57133 /* View */,
				4022E5582A64DDD900A57133 /* ViewModel */,
			);
			path = Root;
			sourceTree = "<group>";
		};
		407585042A4F651A00B20AEA /* View */ = {
			isa = PBXGroup;
			children = (
				407585052A4F652A00B20AEA /* LoginView.swift */,
				402249D22A4F6FD000AEA449 /* RegistrationView.swift */,
			);
			path = View;
			sourceTree = "<group>";
		};
		40A27CE62A73156C0090E5FE /* ViewModel */ = {
			isa = PBXGroup;
			children = (
				40A27CE82A7315940090E5FE /* InboxViewModel.swift */,
			);
			path = ViewModel;
			sourceTree = "<group>";
		};
		40A27CE72A73156F0090E5FE /* Views */ = {
			isa = PBXGroup;
			children = (
				402249D52A4F71D200AEA449 /* InboxView.swift */,
				402249DA2A4F746F00AEA449 /* InboxRowView.swift */,
			);
			path = Views;
			sourceTree = "<group>";
		};
		40A27CEA2A731E4C0090E5FE /* ViewModels */ = {
			isa = PBXGroup;
			children = (
				40A27CEC2A731E6B0090E5FE /* NewMessageViewModel.swift */,
			);
			path = ViewModels;
			sourceTree = "<group>";
		};
		40A27CEB2A731E4F0090E5FE /* Views */ = {
			isa = PBXGroup;
			children = (
				402249DD2A4F791300AEA449 /* NewMessageView.swift */,
			);
			path = Views;
			sourceTree = "<group>";
		};
		40A27CF22A7448A60090E5FE /* ViewModel */ = {
			isa = PBXGroup;
			children = (
				40A27CF42A7448C90090E5FE /* ChatViewModel.swift */,
			);
			path = ViewModel;
			sourceTree = "<group>";
		};
		40A27CF32A7448A90090E5FE /* View */ = {
			isa = PBXGroup;
			children = (
				404B70FB2A55F765007750CC /* ChatView.swift */,
				401AD0E22A563BBE0026E9DA /* ChatMessageCell.swift */,
				401AD0E42A563E5C0026E9DA /* ChatBubble.swift */,
			);
			path = View;
			sourceTree = "<group>";
		};
/* End PBXGroup section */

/* Begin PBXNativeTarget section */
		407584EB2A4F642700B20AEA /* FacebookMessenger */ = {
			isa = PBXNativeTarget;
			buildConfigurationList = 407584FA2A4F642800B20AEA /* Build configuration list for PBXNativeTarget "FacebookMessenger" */;
			buildPhases = (
				407584E82A4F642700B20AEA /* Sources */,
				407584E92A4F642700B20AEA /* Frameworks */,
				407584EA2A4F642700B20AEA /* Resources */,
			);
			buildRules = (
			);
			dependencies = (
			);
			name = FacebookMessenger;
			packageProductDependencies = (
				4022E5482A64888900A57133 /* FirebaseAuth */,
				4022E54A2A64888900A57133 /* FirebaseFirestore */,
				4022E54C2A64888900A57133 /* FirebaseFirestoreSwift */,
				4022E54E2A64888900A57133 /* FirebaseStorage */,
			);
			productName = FacebookMessenger;
			productReference = 407584EC2A4F642700B20AEA /* FacebookMessenger.app */;
			productType = "com.apple.product-type.application";
		};
/* End PBXNativeTarget section */

/* Begin PBXProject section */
		407584E42A4F642700B20AEA /* Project object */ = {
			isa = PBXProject;
			attributes = {
				BuildIndependentTargetsInParallel = 1;
				LastSwiftUpdateCheck = 1430;
				LastUpgradeCheck = 1430;
				TargetAttributes = {
					407584EB2A4F642700B20AEA = {
						CreatedOnToolsVersion = 14.3.1;
					};
				};
			};
			buildConfigurationList = 407584E72A4F642700B20AEA /* Build configuration list for PBXProject "FacebookMessenger" */;
			compatibilityVersion = "Xcode 14.0";
			developmentRegion = en;
			hasScannedForEncodings = 0;
			knownRegions = (
				en,
				Base,
			);
			mainGroup = 407584E32A4F642700B20AEA;
			packageReferences = (
				4022E5472A64888900A57133 /* XCRemoteSwiftPackageReference "firebase-ios-sdk" */,
			);
			productRefGroup = 407584ED2A4F642700B20AEA /* Products */;
			projectDirPath = "";
			projectRoot = "";
			targets = (
				407584EB2A4F642700B20AEA /* FacebookMessenger */,
			);
		};
/* End PBXProject section */

/* Begin PBXResourcesBuildPhase section */
		407584EA2A4F642700B20AEA /* Resources */ = {
			isa = PBXResourcesBuildPhase;
			buildActionMask = 2147483647;
			files = (
				407584F72A4F642800B20AEA /* Preview Assets.xcassets in Resources */,
				407584F42A4F642800B20AEA /* Assets.xcassets in Resources */,
				4022E5462A64879900A57133 /* GoogleService-Info.plist in Resources */,
			);
			runOnlyForDeploymentPostprocessing = 0;
		};
/* End PBXResourcesBuildPhase section */

/* Begin PBXSourcesBuildPhase section */
		407584E82A4F642700B20AEA /* Sources */ = {
			isa = PBXSourcesBuildPhase;
			buildActionMask = 2147483647;
			files = (
				40A27CF52A7448C90090E5FE /* ChatViewModel.swift in Sources */,
				402249DB2A4F746F00AEA449 /* InboxRowView.swift in Sources */,
				40A27CE92A7315940090E5FE /* InboxViewModel.swift in Sources */,
				4022E5552A648A5F00A57133 /* RegistrationViewModel.swift in Sources */,
				404B70EA2A52219F007750CC /* ProfileView.swift in Sources */,
				402249DE2A4F791300AEA449 /* NewMessageView.swift in Sources */,
				4022E55B2A64DE0500A57133 /* ContentViewModel.swift in Sources */,
				407585062A4F652A00B20AEA /* LoginView.swift in Sources */,
				404B70FC2A55F766007750CC /* ChatView.swift in Sources */,
				4022E5572A648A7F00A57133 /* AuthService.swift in Sources */,
				407584F22A4F642700B20AEA /* ContentView.swift in Sources */,
				406984422A8038C200DFB122 /* InboxService.swift in Sources */,
				401AD0E32A563BBE0026E9DA /* ChatMessageCell.swift in Sources */,
				401AD0E52A563E5C0026E9DA /* ChatBubble.swift in Sources */,
				404B70F92A55F11D007750CC /* CircularProfileImageView.swift in Sources */,
				4069843C2A7C8F6700DFB122 /* ChatService.swift in Sources */,
				402249D62A4F71D200AEA449 /* InboxView.swift in Sources */,
				4022E5532A648A3F00A57133 /* LoginViewModel.swift in Sources */,
				40A27CED2A731E6B0090E5FE /* NewMessageViewModel.swift in Sources */,
				402249D92A4F72DE00AEA449 /* ActiveNowView.swift in Sources */,
				404B70EE2A522770007750CC /* ProfileViewModel.swift in Sources */,
				404B70F42A52327D007750CC /* User.swift in Sources */,
				407584F02A4F642700B20AEA /* FacebookMessengerApp.swift in Sources */,
				40A27CF12A7445830090E5FE /* MessageService.swift in Sources */,
				404B70EC2A5222DA007750CC /* SettingsOptionsViewModel.swift in Sources */,
				40A27CEF2A7443E60090E5FE /* Message.swift in Sources */,
				40E6FE402A6615DD008CC380 /* UserServise.swift in Sources */,
				4069843F2A7C90B300DFB122 /* Constans.swift in Sources */,
				402249D32A4F6FD000AEA449 /* RegistrationView.swift in Sources */,
			);
			runOnlyForDeploymentPostprocessing = 0;
		};
/* End PBXSourcesBuildPhase section */

/* Begin XCBuildConfiguration section */
		407584F82A4F642800B20AEA /* Debug */ = {
			isa = XCBuildConfiguration;
			buildSettings = {
				ALWAYS_SEARCH_USER_PATHS = NO;
				CLANG_ANALYZER_NONNULL = YES;
				CLANG_ANALYZER_NUMBER_OBJECT_CONVERSION = YES_AGGRESSIVE;
				CLANG_CXX_LANGUAGE_STANDARD = "gnu++20";
				CLANG_ENABLE_MODULES = YES;
				CLANG_ENABLE_OBJC_ARC = YES;
				CLANG_ENABLE_OBJC_WEAK = YES;
				CLANG_WARN_BLOCK_CAPTURE_AUTORELEASING = YES;
				CLANG_WARN_BOOL_CONVERSION = YES;
				CLANG_WARN_COMMA = YES;
				CLANG_WARN_CONSTANT_CONVERSION = YES;
				CLANG_WARN_DEPRECATED_OBJC_IMPLEMENTATIONS = YES;
				CLANG_WARN_DIRECT_OBJC_ISA_USAGE = YES_ERROR;
				CLANG_WARN_DOCUMENTATION_COMMENTS = YES;
				CLANG_WARN_EMPTY_BODY = YES;
				CLANG_WARN_ENUM_CONVERSION = YES;
				CLANG_WARN_INFINITE_RECURSION = YES;
				CLANG_WARN_INT_CONVERSION = YES;
				CLANG_WARN_NON_LITERAL_NULL_CONVERSION = YES;
				CLANG_WARN_OBJC_IMPLICIT_RETAIN_SELF = YES;
				CLANG_WARN_OBJC_LITERAL_CONVERSION = YES;
				CLANG_WARN_OBJC_ROOT_CLASS = YES_ERROR;
				CLANG_WARN_QUOTED_INCLUDE_IN_FRAMEWORK_HEADER = YES;
				CLANG_WARN_RANGE_LOOP_ANALYSIS = YES;
				CLANG_WARN_STRICT_PROTOTYPES = YES;
				CLANG_WARN_SUSPICIOUS_MOVE = YES;
				CLANG_WARN_UNGUARDED_AVAILABILITY = YES_AGGRESSIVE;
				CLANG_WARN_UNREACHABLE_CODE = YES;
				CLANG_WARN__DUPLICATE_METHOD_MATCH = YES;
				COPY_PHASE_STRIP = NO;
				DEBUG_INFORMATION_FORMAT = dwarf;
				ENABLE_STRICT_OBJC_MSGSEND = YES;
				ENABLE_TESTABILITY = YES;
				GCC_C_LANGUAGE_STANDARD = gnu11;
				GCC_DYNAMIC_NO_PIC = NO;
				GCC_NO_COMMON_BLOCKS = YES;
				GCC_OPTIMIZATION_LEVEL = 0;
				GCC_PREPROCESSOR_DEFINITIONS = (
					"DEBUG=1",
					"$(inherited)",
				);
				GCC_WARN_64_TO_32_BIT_CONVERSION = YES;
				GCC_WARN_ABOUT_RETURN_TYPE = YES_ERROR;
				GCC_WARN_UNDECLARED_SELECTOR = YES;
				GCC_WARN_UNINITIALIZED_AUTOS = YES_AGGRESSIVE;
				GCC_WARN_UNUSED_FUNCTION = YES;
				GCC_WARN_UNUSED_VARIABLE = YES;
				IPHONEOS_DEPLOYMENT_TARGET = 16.4;
				MTL_ENABLE_DEBUG_INFO = INCLUDE_SOURCE;
				MTL_FAST_MATH = YES;
				ONLY_ACTIVE_ARCH = YES;
				SDKROOT = iphoneos;
				SWIFT_ACTIVE_COMPILATION_CONDITIONS = DEBUG;
				SWIFT_OPTIMIZATION_LEVEL = "-Onone";
			};
			name = Debug;
		};
		407584F92A4F642800B20AEA /* Release */ = {
			isa = XCBuildConfiguration;
			buildSettings = {
				ALWAYS_SEARCH_USER_PATHS = NO;
				CLANG_ANALYZER_NONNULL = YES;
				CLANG_ANALYZER_NUMBER_OBJECT_CONVERSION = YES_AGGRESSIVE;
				CLANG_CXX_LANGUAGE_STANDARD = "gnu++20";
				CLANG_ENABLE_MODULES = YES;
				CLANG_ENABLE_OBJC_ARC = YES;
				CLANG_ENABLE_OBJC_WEAK = YES;
				CLANG_WARN_BLOCK_CAPTURE_AUTORELEASING = YES;
				CLANG_WARN_BOOL_CONVERSION = YES;
				CLANG_WARN_COMMA = YES;
				CLANG_WARN_CONSTANT_CONVERSION = YES;
				CLANG_WARN_DEPRECATED_OBJC_IMPLEMENTATIONS = YES;
				CLANG_WARN_DIRECT_OBJC_ISA_USAGE = YES_ERROR;
				CLANG_WARN_DOCUMENTATION_COMMENTS = YES;
				CLANG_WARN_EMPTY_BODY = YES;
				CLANG_WARN_ENUM_CONVERSION = YES;
				CLANG_WARN_INFINITE_RECURSION = YES;
				CLANG_WARN_INT_CONVERSION = YES;
				CLANG_WARN_NON_LITERAL_NULL_CONVERSION = YES;
				CLANG_WARN_OBJC_IMPLICIT_RETAIN_SELF = YES;
				CLANG_WARN_OBJC_LITERAL_CONVERSION = YES;
				CLANG_WARN_OBJC_ROOT_CLASS = YES_ERROR;
				CLANG_WARN_QUOTED_INCLUDE_IN_FRAMEWORK_HEADER = YES;
				CLANG_WARN_RANGE_LOOP_ANALYSIS = YES;
				CLANG_WARN_STRICT_PROTOTYPES = YES;
				CLANG_WARN_SUSPICIOUS_MOVE = YES;
				CLANG_WARN_UNGUARDED_AVAILABILITY = YES_AGGRESSIVE;
				CLANG_WARN_UNREACHABLE_CODE = YES;
				CLANG_WARN__DUPLICATE_METHOD_MATCH = YES;
				COPY_PHASE_STRIP = NO;
				DEBUG_INFORMATION_FORMAT = "dwarf-with-dsym";
				ENABLE_NS_ASSERTIONS = NO;
				ENABLE_STRICT_OBJC_MSGSEND = YES;
				GCC_C_LANGUAGE_STANDARD = gnu11;
				GCC_NO_COMMON_BLOCKS = YES;
				GCC_WARN_64_TO_32_BIT_CONVERSION = YES;
				GCC_WARN_ABOUT_RETURN_TYPE = YES_ERROR;
				GCC_WARN_UNDECLARED_SELECTOR = YES;
				GCC_WARN_UNINITIALIZED_AUTOS = YES_AGGRESSIVE;
				GCC_WARN_UNUSED_FUNCTION = YES;
				GCC_WARN_UNUSED_VARIABLE = YES;
				IPHONEOS_DEPLOYMENT_TARGET = 16.4;
				MTL_ENABLE_DEBUG_INFO = NO;
				MTL_FAST_MATH = YES;
				SDKROOT = iphoneos;
				SWIFT_COMPILATION_MODE = wholemodule;
				SWIFT_OPTIMIZATION_LEVEL = "-O";
				VALIDATE_PRODUCT = YES;
			};
			name = Release;
		};
		407584FB2A4F642800B20AEA /* Debug */ = {
			isa = XCBuildConfiguration;
			buildSettings = {
				ASSETCATALOG_COMPILER_APPICON_NAME = AppIcon;
				ASSETCATALOG_COMPILER_GLOBAL_ACCENT_COLOR_NAME = AccentColor;
				CODE_SIGN_STYLE = Automatic;
				CURRENT_PROJECT_VERSION = 1;
				DEVELOPMENT_ASSET_PATHS = "\"FacebookMessenger/Preview Content\"";
				DEVELOPMENT_TEAM = 7BF453L282;
				ENABLE_PREVIEWS = YES;
				GENERATE_INFOPLIST_FILE = YES;
				INFOPLIST_KEY_UIApplicationSceneManifest_Generation = YES;
				INFOPLIST_KEY_UIApplicationSupportsIndirectInputEvents = YES;
				INFOPLIST_KEY_UILaunchScreen_Generation = YES;
				INFOPLIST_KEY_UISupportedInterfaceOrientations_iPad = "UIInterfaceOrientationPortrait UIInterfaceOrientationPortraitUpsideDown UIInterfaceOrientationLandscapeLeft UIInterfaceOrientationLandscapeRight";
				INFOPLIST_KEY_UISupportedInterfaceOrientations_iPhone = "UIInterfaceOrientationPortrait UIInterfaceOrientationLandscapeLeft UIInterfaceOrientationLandscapeRight";
				LD_RUNPATH_SEARCH_PATHS = (
					"$(inherited)",
					"@executable_path/Frameworks",
				);
				MARKETING_VERSION = 1.0;
				PRODUCT_BUNDLE_IDENTIFIER = freecode.pythonanywhere.www.FacebookMessenger;
				PRODUCT_NAME = "$(TARGET_NAME)";
				SWIFT_EMIT_LOC_STRINGS = YES;
				SWIFT_VERSION = 5.0;
				TARGETED_DEVICE_FAMILY = "1,2";
			};
			name = Debug;
		};
		407584FC2A4F642800B20AEA /* Release */ = {
			isa = XCBuildConfiguration;
			buildSettings = {
				ASSETCATALOG_COMPILER_APPICON_NAME = AppIcon;
				ASSETCATALOG_COMPILER_GLOBAL_ACCENT_COLOR_NAME = AccentColor;
				CODE_SIGN_STYLE = Automatic;
				CURRENT_PROJECT_VERSION = 1;
				DEVELOPMENT_ASSET_PATHS = "\"FacebookMessenger/Preview Content\"";
				DEVELOPMENT_TEAM = 7BF453L282;
				ENABLE_PREVIEWS = YES;
				GENERATE_INFOPLIST_FILE = YES;
				INFOPLIST_KEY_UIApplicationSceneManifest_Generation = YES;
				INFOPLIST_KEY_UIApplicationSupportsIndirectInputEvents = YES;
				INFOPLIST_KEY_UILaunchScreen_Generation = YES;
				INFOPLIST_KEY_UISupportedInterfaceOrientations_iPad = "UIInterfaceOrientationPortrait UIInterfaceOrientationPortraitUpsideDown UIInterfaceOrientationLandscapeLeft UIInterfaceOrientationLandscapeRight";
				INFOPLIST_KEY_UISupportedInterfaceOrientations_iPhone = "UIInterfaceOrientationPortrait UIInterfaceOrientationLandscapeLeft UIInterfaceOrientationLandscapeRight";
				LD_RUNPATH_SEARCH_PATHS = (
					"$(inherited)",
					"@executable_path/Frameworks",
				);
				MARKETING_VERSION = 1.0;
				PRODUCT_BUNDLE_IDENTIFIER = freecode.pythonanywhere.www.FacebookMessenger;
				PRODUCT_NAME = "$(TARGET_NAME)";
				SWIFT_EMIT_LOC_STRINGS = YES;
				SWIFT_VERSION = 5.0;
				TARGETED_DEVICE_FAMILY = "1,2";
			};
			name = Release;
		};
/* End XCBuildConfiguration section */

/* Begin XCConfigurationList section */
		407584E72A4F642700B20AEA /* Build configuration list for PBXProject "FacebookMessenger" */ = {
			isa = XCConfigurationList;
			buildConfigurations = (
				407584F82A4F642800B20AEA /* Debug */,
				407584F92A4F642800B20AEA /* Release */,
			);
			defaultConfigurationIsVisible = 0;
			defaultConfigurationName = Release;
		};
		407584FA2A4F642800B20AEA /* Build configuration list for PBXNativeTarget "FacebookMessenger" */ = {
			isa = XCConfigurationList;
			buildConfigurations = (
				407584FB2A4F642800B20AEA /* Debug */,
				407584FC2A4F642800B20AEA /* Release */,
			);
			defaultConfigurationIsVisible = 0;
			defaultConfigurationName = Release;
		};
/* End XCConfigurationList section */

/* Begin XCRemoteSwiftPackageReference section */
		4022E5472A64888900A57133 /* XCRemoteSwiftPackageReference "firebase-ios-sdk" */ = {
			isa = XCRemoteSwiftPackageReference;
			repositoryURL = "https://github.com/firebase/firebase-ios-sdk";
			requirement = {
				kind = upToNextMajorVersion;
				minimumVersion = 10.0.0;
			};
		};
/* End XCRemoteSwiftPackageReference section */

/* Begin XCSwiftPackageProductDependency section */
		4022E5482A64888900A57133 /* FirebaseAuth */ = {
			isa = XCSwiftPackageProductDependency;
			package = 4022E5472A64888900A57133 /* XCRemoteSwiftPackageReference "firebase-ios-sdk" */;
			productName = FirebaseAuth;
		};
		4022E54A2A64888900A57133 /* FirebaseFirestore */ = {
			isa = XCSwiftPackageProductDependency;
			package = 4022E5472A64888900A57133 /* XCRemoteSwiftPackageReference "firebase-ios-sdk" */;
			productName = FirebaseFirestore;
		};
		4022E54C2A64888900A57133 /* FirebaseFirestoreSwift */ = {
			isa = XCSwiftPackageProductDependency;
			package = 4022E5472A64888900A57133 /* XCRemoteSwiftPackageReference "firebase-ios-sdk" */;
			productName = FirebaseFirestoreSwift;
		};
		4022E54E2A64888900A57133 /* FirebaseStorage */ = {
			isa = XCSwiftPackageProductDependency;
			package = 4022E5472A64888900A57133 /* XCRemoteSwiftPackageReference "firebase-ios-sdk" */;
			productName = FirebaseStorage;
		};
/* End XCSwiftPackageProductDependency section */
	};
	rootObject = 407584E42A4F642700B20AEA /* Project object */;
}
